// !$*UTF8*$!
{
	archiveVersion = 1;
	classes = {
	};
	objectVersion = 46;
	objects = {

/* Begin PBXBuildFile section */
		2CFB159711F44909A8BBC015 /* libPods.a in Frameworks */ = {isa = PBXBuildFile; fileRef = 6DB4157078CA4EADAB572248 /* libPods.a */; };
		3A01FD931A0C3B7500F61F97 /* AppDelegate.swift in Sources */ = {isa = PBXBuildFile; fileRef = 3A01FD921A0C3B7500F61F97 /* AppDelegate.swift */; };
		3A01FD951A0C3B7500F61F97 /* AuthentificationViewController.swift in Sources */ = {isa = PBXBuildFile; fileRef = 3A01FD941A0C3B7500F61F97 /* AuthentificationViewController.swift */; };
		3A01FD981A0C3B7500F61F97 /* Main.storyboard in Resources */ = {isa = PBXBuildFile; fileRef = 3A01FD961A0C3B7500F61F97 /* Main.storyboard */; };
		3A01FD9A1A0C3B7500F61F97 /* Images.xcassets in Resources */ = {isa = PBXBuildFile; fileRef = 3A01FD991A0C3B7500F61F97 /* Images.xcassets */; };
		3A01FD9D1A0C3B7500F61F97 /* LaunchScreen.xib in Resources */ = {isa = PBXBuildFile; fileRef = 3A01FD9B1A0C3B7500F61F97 /* LaunchScreen.xib */; };
		3A01FDA91A0C3B7500F61F97 /* dsnTests.swift in Sources */ = {isa = PBXBuildFile; fileRef = 3A01FDA81A0C3B7500F61F97 /* dsnTests.swift */; };
		3A0F3B6A1A2CAFFB00ED5658 /* PublicationViewController.swift in Sources */ = {isa = PBXBuildFile; fileRef = 3A0F3B691A2CAFFB00ED5658 /* PublicationViewController.swift */; };
		3A0F3B6D1A2CB14E00ED5658 /* SwiftyJSON.swift in Sources */ = {isa = PBXBuildFile; fileRef = 3A0F3B6C1A2CB14E00ED5658 /* SwiftyJSON.swift */; };
		3A29C0201A2D602B00FE378D /* ApplicationTableViewController.swift in Sources */ = {isa = PBXBuildFile; fileRef = 3A29C01F1A2D602B00FE378D /* ApplicationTableViewController.swift */; };
		3A29C02A1A2D6F0800FE378D /* 1.jpg in Resources */ = {isa = PBXBuildFile; fileRef = 3A29C0221A2D6F0800FE378D /* 1.jpg */; };
		3A29C02B1A2D6F0800FE378D /* 2.jpg in Resources */ = {isa = PBXBuildFile; fileRef = 3A29C0231A2D6F0800FE378D /* 2.jpg */; };
		3A29C02C1A2D6F0800FE378D /* 3.jpg in Resources */ = {isa = PBXBuildFile; fileRef = 3A29C0241A2D6F0800FE378D /* 3.jpg */; };
		3A29C02D1A2D6F0800FE378D /* 4.jpg in Resources */ = {isa = PBXBuildFile; fileRef = 3A29C0251A2D6F0800FE378D /* 4.jpg */; };
		3A29C02E1A2D6F0800FE378D /* 5.jpg in Resources */ = {isa = PBXBuildFile; fileRef = 3A29C0261A2D6F0800FE378D /* 5.jpg */; };
		3A29C02F1A2D6F0800FE378D /* 6.jpg in Resources */ = {isa = PBXBuildFile; fileRef = 3A29C0271A2D6F0800FE378D /* 6.jpg */; };
		3A29C0301A2D6F0800FE378D /* 7.jpg in Resources */ = {isa = PBXBuildFile; fileRef = 3A29C0281A2D6F0800FE378D /* 7.jpg */; };
		3A29C0311A2D6F0800FE378D /* 8.jpg in Resources */ = {isa = PBXBuildFile; fileRef = 3A29C0291A2D6F0800FE378D /* 8.jpg */; };
		3A29C0391A2DF69800FE378D /* CommentView.xib in Resources */ = {isa = PBXBuildFile; fileRef = 3A29C0381A2DF69800FE378D /* CommentView.xib */; };
		3A29C03B1A2DF76B00FE378D /* CommentView.swift in Sources */ = {isa = PBXBuildFile; fileRef = 3A29C03A1A2DF76B00FE378D /* CommentView.swift */; };
		3A29C03D1A2DFB2B00FE378D /* UIImageExtensions.swift in Sources */ = {isa = PBXBuildFile; fileRef = 3A29C03C1A2DFB2B00FE378D /* UIImageExtensions.swift */; };
		3A29C03F1A2E031F00FE378D /* PublicationView.xib in Resources */ = {isa = PBXBuildFile; fileRef = 3A29C03E1A2E031F00FE378D /* PublicationView.xib */; };
		3A29C0411A2E032E00FE378D /* PublicationView.swift in Sources */ = {isa = PBXBuildFile; fileRef = 3A29C0401A2E032E00FE378D /* PublicationView.swift */; };
		3A3530A41A1EAA0800927038 /* CodeEditorViewController.swift in Sources */ = {isa = PBXBuildFile; fileRef = 3A3530A31A1EAA0800927038 /* CodeEditorViewController.swift */; };
		3A5BDE391A1EAF780084B32B /* NouvellePublicationViewController.swift in Sources */ = {isa = PBXBuildFile; fileRef = 3A5BDE381A1EAF780084B32B /* NouvellePublicationViewController.swift */; };
		3A9148791A297149009FE884 /* MainMenuBarButtonItem.swift in Sources */ = {isa = PBXBuildFile; fileRef = 3A9148781A297149009FE884 /* MainMenuBarButtonItem.swift */; };
		3A91487B1A297D52009FE884 /* editor.html in Resources */ = {isa = PBXBuildFile; fileRef = 3A91487A1A297D52009FE884 /* editor.html */; };
		3A93C5E31A254A2F00302279 /* CommunautesTableViewController.swift in Sources */ = {isa = PBXBuildFile; fileRef = 3A93C5E21A254A2F00302279 /* CommunautesTableViewController.swift */; };
		3A93C5E61A254C0000302279 /* PublicationTableViewCell.swift in Sources */ = {isa = PBXBuildFile; fileRef = 3A93C5E41A254C0000302279 /* PublicationTableViewCell.swift */; };
		3A93C5E71A254C0000302279 /* PublicationTableViewCell.xib in Resources */ = {isa = PBXBuildFile; fileRef = 3A93C5E51A254C0000302279 /* PublicationTableViewCell.xib */; };
		3A93C5E91A254DC900302279 /* PublicationsTableViewController.swift in Sources */ = {isa = PBXBuildFile; fileRef = 3A93C5E81A254DC900302279 /* PublicationsTableViewController.swift */; };
		3AD7CBED1A2CBB0C00681701 /* publications.json in Resources */ = {isa = PBXBuildFile; fileRef = 3AD7CBEC1A2CBB0C00681701 /* publications.json */; };
		3AD7CBF31A2CFA9D00681701 /* bright_squares.png in Resources */ = {isa = PBXBuildFile; fileRef = 3AD7CBF21A2CFA9D00681701 /* bright_squares.png */; };
		3AD7CBF51A2D03E500681701 /* ApplicationController.swift in Sources */ = {isa = PBXBuildFile; fileRef = 3AD7CBF41A2D03E500681701 /* ApplicationController.swift */; };
		810017B71A23FCAA00E1F40D /* CommentViewCell.swift in Sources */ = {isa = PBXBuildFile; fileRef = 810017B61A23FCAA00E1F40D /* CommentViewCell.swift */; };
		810017B91A23FCC300E1F40D /* CommentViewCell.xib in Resources */ = {isa = PBXBuildFile; fileRef = 810017B81A23FCC300E1F40D /* CommentViewCell.xib */; };
		812A30A01A18573800DB5ABD /* ProfileViewController.swift in Sources */ = {isa = PBXBuildFile; fileRef = 812A309F1A18573800DB5ABD /* ProfileViewController.swift */; };
		812F53AD1A1C21A20098AEF4 /* MenuTableViewController.swift in Sources */ = {isa = PBXBuildFile; fileRef = 812F53AC1A1C21A20098AEF4 /* MenuTableViewController.swift */; };
		81B4CB591A1E8A9E000E3C01 /* reveal-icon.png in Resources */ = {isa = PBXBuildFile; fileRef = 81B4CB571A1E8A9E000E3C01 /* reveal-icon.png */; };
		81B4CB5A1A1E8A9E000E3C01 /* reveal-icon@2x.png in Resources */ = {isa = PBXBuildFile; fileRef = 81B4CB581A1E8A9E000E3C01 /* reveal-icon@2x.png */; };
/* End PBXBuildFile section */

/* Begin PBXContainerItemProxy section */
		3A01FDA31A0C3B7500F61F97 /* PBXContainerItemProxy */ = {
			isa = PBXContainerItemProxy;
			containerPortal = 3A01FD851A0C3B7500F61F97 /* Project object */;
			proxyType = 1;
			remoteGlobalIDString = 3A01FD8C1A0C3B7500F61F97;
			remoteInfo = dsn;
		};
/* End PBXContainerItemProxy section */

/* Begin PBXFileReference section */
		0A8F92BC0C28B21B42102D5B /* Pods.release.xcconfig */ = {isa = PBXFileReference; includeInIndex = 1; lastKnownFileType = text.xcconfig; name = Pods.release.xcconfig; path = "Pods/Target Support Files/Pods/Pods.release.xcconfig"; sourceTree = "<group>"; };
		1A051A83AE8A696A3AC6E796 /* Pods.debug.xcconfig */ = {isa = PBXFileReference; includeInIndex = 1; lastKnownFileType = text.xcconfig; name = Pods.debug.xcconfig; path = "Pods/Target Support Files/Pods/Pods.debug.xcconfig"; sourceTree = "<group>"; };
		3A01FD8D1A0C3B7500F61F97 /* dsn.app */ = {isa = PBXFileReference; explicitFileType = wrapper.application; includeInIndex = 0; path = dsn.app; sourceTree = BUILT_PRODUCTS_DIR; };
		3A01FD911A0C3B7500F61F97 /* Info.plist */ = {isa = PBXFileReference; lastKnownFileType = text.plist.xml; path = Info.plist; sourceTree = "<group>"; };
		3A01FD921A0C3B7500F61F97 /* AppDelegate.swift */ = {isa = PBXFileReference; lastKnownFileType = sourcecode.swift; path = AppDelegate.swift; sourceTree = "<group>"; };
		3A01FD941A0C3B7500F61F97 /* AuthentificationViewController.swift */ = {isa = PBXFileReference; lastKnownFileType = sourcecode.swift; path = AuthentificationViewController.swift; sourceTree = "<group>"; };
		3A01FD971A0C3B7500F61F97 /* Base */ = {isa = PBXFileReference; lastKnownFileType = file.storyboard; name = Base; path = Base.lproj/Main.storyboard; sourceTree = "<group>"; };
		3A01FD991A0C3B7500F61F97 /* Images.xcassets */ = {isa = PBXFileReference; lastKnownFileType = folder.assetcatalog; path = Images.xcassets; sourceTree = "<group>"; };
		3A01FD9C1A0C3B7500F61F97 /* Base */ = {isa = PBXFileReference; lastKnownFileType = file.xib; name = Base; path = Base.lproj/LaunchScreen.xib; sourceTree = "<group>"; };
		3A01FDA21A0C3B7500F61F97 /* dsnTests.xctest */ = {isa = PBXFileReference; explicitFileType = wrapper.cfbundle; includeInIndex = 0; path = dsnTests.xctest; sourceTree = BUILT_PRODUCTS_DIR; };
		3A01FDA71A0C3B7500F61F97 /* Info.plist */ = {isa = PBXFileReference; lastKnownFileType = text.plist.xml; path = Info.plist; sourceTree = "<group>"; };
		3A01FDA81A0C3B7500F61F97 /* dsnTests.swift */ = {isa = PBXFileReference; lastKnownFileType = sourcecode.swift; path = dsnTests.swift; sourceTree = "<group>"; };
		3A0F3B691A2CAFFB00ED5658 /* PublicationViewController.swift */ = {isa = PBXFileReference; fileEncoding = 4; lastKnownFileType = sourcecode.swift; path = PublicationViewController.swift; sourceTree = "<group>"; };
		3A0F3B6C1A2CB14E00ED5658 /* SwiftyJSON.swift */ = {isa = PBXFileReference; fileEncoding = 4; lastKnownFileType = sourcecode.swift; path = SwiftyJSON.swift; sourceTree = "<group>"; };
		3A29C01F1A2D602B00FE378D /* ApplicationTableViewController.swift */ = {isa = PBXFileReference; fileEncoding = 4; lastKnownFileType = sourcecode.swift; path = ApplicationTableViewController.swift; sourceTree = "<group>"; };
		3A29C0221A2D6F0800FE378D /* 1.jpg */ = {isa = PBXFileReference; lastKnownFileType = image.jpeg; path = 1.jpg; sourceTree = "<group>"; };
		3A29C0231A2D6F0800FE378D /* 2.jpg */ = {isa = PBXFileReference; lastKnownFileType = image.jpeg; path = 2.jpg; sourceTree = "<group>"; };
		3A29C0241A2D6F0800FE378D /* 3.jpg */ = {isa = PBXFileReference; lastKnownFileType = image.jpeg; path = 3.jpg; sourceTree = "<group>"; };
		3A29C0251A2D6F0800FE378D /* 4.jpg */ = {isa = PBXFileReference; lastKnownFileType = image.jpeg; path = 4.jpg; sourceTree = "<group>"; };
		3A29C0261A2D6F0800FE378D /* 5.jpg */ = {isa = PBXFileReference; lastKnownFileType = image.jpeg; path = 5.jpg; sourceTree = "<group>"; };
		3A29C0271A2D6F0800FE378D /* 6.jpg */ = {isa = PBXFileReference; lastKnownFileType = image.jpeg; path = 6.jpg; sourceTree = "<group>"; };
		3A29C0281A2D6F0800FE378D /* 7.jpg */ = {isa = PBXFileReference; lastKnownFileType = image.jpeg; path = 7.jpg; sourceTree = "<group>"; };
		3A29C0291A2D6F0800FE378D /* 8.jpg */ = {isa = PBXFileReference; lastKnownFileType = image.jpeg; path = 8.jpg; sourceTree = "<group>"; };
		3A29C0381A2DF69800FE378D /* CommentView.xib */ = {isa = PBXFileReference; fileEncoding = 4; lastKnownFileType = file.xib; path = CommentView.xib; sourceTree = "<group>"; };
		3A29C03A1A2DF76B00FE378D /* CommentView.swift */ = {isa = PBXFileReference; fileEncoding = 4; lastKnownFileType = sourcecode.swift; path = CommentView.swift; sourceTree = "<group>"; };
		3A29C03C1A2DFB2B00FE378D /* UIImageExtensions.swift */ = {isa = PBXFileReference; fileEncoding = 4; lastKnownFileType = sourcecode.swift; path = UIImageExtensions.swift; sourceTree = "<group>"; };
		3A29C03E1A2E031F00FE378D /* PublicationView.xib */ = {isa = PBXFileReference; fileEncoding = 4; lastKnownFileType = file.xib; path = PublicationView.xib; sourceTree = "<group>"; };
		3A29C0401A2E032E00FE378D /* PublicationView.swift */ = {isa = PBXFileReference; fileEncoding = 4; lastKnownFileType = sourcecode.swift; path = PublicationView.swift; sourceTree = "<group>"; };
		3A3530A31A1EAA0800927038 /* CodeEditorViewController.swift */ = {isa = PBXFileReference; fileEncoding = 4; lastKnownFileType = sourcecode.swift; path = CodeEditorViewController.swift; sourceTree = "<group>"; };
		3A5BDE381A1EAF780084B32B /* NouvellePublicationViewController.swift */ = {isa = PBXFileReference; fileEncoding = 4; lastKnownFileType = sourcecode.swift; path = NouvellePublicationViewController.swift; sourceTree = "<group>"; };
		3A9148781A297149009FE884 /* MainMenuBarButtonItem.swift */ = {isa = PBXFileReference; fileEncoding = 4; lastKnownFileType = sourcecode.swift; path = MainMenuBarButtonItem.swift; sourceTree = "<group>"; };
		3A91487A1A297D52009FE884 /* editor.html */ = {isa = PBXFileReference; fileEncoding = 4; lastKnownFileType = text.html; path = editor.html; sourceTree = "<group>"; };
		3A93C5E21A254A2F00302279 /* CommunautesTableViewController.swift */ = {isa = PBXFileReference; fileEncoding = 4; lastKnownFileType = sourcecode.swift; path = CommunautesTableViewController.swift; sourceTree = "<group>"; };
		3A93C5E41A254C0000302279 /* PublicationTableViewCell.swift */ = {isa = PBXFileReference; fileEncoding = 4; lastKnownFileType = sourcecode.swift; path = PublicationTableViewCell.swift; sourceTree = "<group>"; };
		3A93C5E51A254C0000302279 /* PublicationTableViewCell.xib */ = {isa = PBXFileReference; fileEncoding = 4; lastKnownFileType = file.xib; path = PublicationTableViewCell.xib; sourceTree = "<group>"; };
		3A93C5E81A254DC900302279 /* PublicationsTableViewController.swift */ = {isa = PBXFileReference; fileEncoding = 4; lastKnownFileType = sourcecode.swift; path = PublicationsTableViewController.swift; sourceTree = "<group>"; };
		3AD7CBEC1A2CBB0C00681701 /* publications.json */ = {isa = PBXFileReference; fileEncoding = 4; lastKnownFileType = text.json; path = publications.json; sourceTree = "<group>"; };
		3AD7CBF21A2CFA9D00681701 /* bright_squares.png */ = {isa = PBXFileReference; lastKnownFileType = image.png; path = bright_squares.png; sourceTree = "<group>"; };
		3AD7CBF41A2D03E500681701 /* ApplicationController.swift */ = {isa = PBXFileReference; fileEncoding = 4; lastKnownFileType = sourcecode.swift; path = ApplicationController.swift; sourceTree = "<group>"; };
		6DB4157078CA4EADAB572248 /* libPods.a */ = {isa = PBXFileReference; explicitFileType = archive.ar; includeInIndex = 0; path = libPods.a; sourceTree = BUILT_PRODUCTS_DIR; };
		810017B61A23FCAA00E1F40D /* CommentViewCell.swift */ = {isa = PBXFileReference; fileEncoding = 4; lastKnownFileType = sourcecode.swift; path = CommentViewCell.swift; sourceTree = "<group>"; };
		810017B81A23FCC300E1F40D /* CommentViewCell.xib */ = {isa = PBXFileReference; fileEncoding = 4; lastKnownFileType = file.xib; path = CommentViewCell.xib; sourceTree = "<group>"; };
		812A309F1A18573800DB5ABD /* ProfileViewController.swift */ = {isa = PBXFileReference; fileEncoding = 4; lastKnownFileType = sourcecode.swift; path = ProfileViewController.swift; sourceTree = "<group>"; };
		812F53AC1A1C21A20098AEF4 /* MenuTableViewController.swift */ = {isa = PBXFileReference; fileEncoding = 4; lastKnownFileType = sourcecode.swift; path = MenuTableViewController.swift; sourceTree = "<group>"; };
		814D29A11A1C2F60001CA5F1 /* dsn-Bridging-Header.h */ = {isa = PBXFileReference; fileEncoding = 4; lastKnownFileType = sourcecode.c.h; path = "dsn-Bridging-Header.h"; sourceTree = "<group>"; };
		81B4CB571A1E8A9E000E3C01 /* reveal-icon.png */ = {isa = PBXFileReference; lastKnownFileType = image.png; path = "reveal-icon.png"; sourceTree = "<group>"; };
		81B4CB581A1E8A9E000E3C01 /* reveal-icon@2x.png */ = {isa = PBXFileReference; lastKnownFileType = image.png; path = "reveal-icon@2x.png"; sourceTree = "<group>"; };
/* End PBXFileReference section */

/* Begin PBXFrameworksBuildPhase section */
		3A01FD8A1A0C3B7500F61F97 /* Frameworks */ = {
			isa = PBXFrameworksBuildPhase;
			buildActionMask = 2147483647;
			files = (
				2CFB159711F44909A8BBC015 /* libPods.a in Frameworks */,
			);
			runOnlyForDeploymentPostprocessing = 0;
		};
		3A01FD9F1A0C3B7500F61F97 /* Frameworks */ = {
			isa = PBXFrameworksBuildPhase;
			buildActionMask = 2147483647;
			files = (
			);
			runOnlyForDeploymentPostprocessing = 0;
		};
/* End PBXFrameworksBuildPhase section */

/* Begin PBXGroup section */
		3A01FD841A0C3B7500F61F97 = {
			isa = PBXGroup;
			children = (
				3A01FD8F1A0C3B7500F61F97 /* dsn */,
				3A01FDA51A0C3B7500F61F97 /* dsnTests */,
				3A01FD8E1A0C3B7500F61F97 /* Products */,
				64854CF73D654063A25F95A6 /* Frameworks */,
				939CDF446683A3E9238F34DD /* Pods */,
			);
			sourceTree = "<group>";
		};
		3A01FD8E1A0C3B7500F61F97 /* Products */ = {
			isa = PBXGroup;
			children = (
				3A01FD8D1A0C3B7500F61F97 /* dsn.app */,
				3A01FDA21A0C3B7500F61F97 /* dsnTests.xctest */,
			);
			name = Products;
			sourceTree = "<group>";
		};
		3A01FD8F1A0C3B7500F61F97 /* dsn */ = {
			isa = PBXGroup;
			children = (
				3A0F3B6B1A2CB13900ED5658 /* Utilities */,
				81B0FDFE1A1EBCD70086FF6E /* Components */,
				3A01FD921A0C3B7500F61F97 /* AppDelegate.swift */,
				8113EAB21A1C1DE500B29C00 /* Controllers */,
				3A01FD961A0C3B7500F61F97 /* Main.storyboard */,
				3A01FD991A0C3B7500F61F97 /* Images.xcassets */,
				3A01FD9B1A0C3B7500F61F97 /* LaunchScreen.xib */,
				3A01FD901A0C3B7500F61F97 /* Supporting Files */,
			);
			path = dsn;
			sourceTree = "<group>";
		};
		3A01FD901A0C3B7500F61F97 /* Supporting Files */ = {
			isa = PBXGroup;
			children = (
				3A29C0211A2D6F0800FE378D /* authors */,
				3AD7CBF21A2CFA9D00681701 /* bright_squares.png */,
				3AD7CBEC1A2CBB0C00681701 /* publications.json */,
				3A91487A1A297D52009FE884 /* editor.html */,
				81B4CB561A1E8A5A000E3C01 /* icons */,
				3A01FD911A0C3B7500F61F97 /* Info.plist */,
				814D29A11A1C2F60001CA5F1 /* dsn-Bridging-Header.h */,
			);
			name = "Supporting Files";
			sourceTree = "<group>";
		};
		3A01FDA51A0C3B7500F61F97 /* dsnTests */ = {
			isa = PBXGroup;
			children = (
				3A01FDA81A0C3B7500F61F97 /* dsnTests.swift */,
				3A01FDA61A0C3B7500F61F97 /* Supporting Files */,
			);
			path = dsnTests;
			sourceTree = "<group>";
		};
		3A01FDA61A0C3B7500F61F97 /* Supporting Files */ = {
			isa = PBXGroup;
			children = (
				3A01FDA71A0C3B7500F61F97 /* Info.plist */,
			);
			name = "Supporting Files";
			sourceTree = "<group>";
		};
		3A0F3B6B1A2CB13900ED5658 /* Utilities */ = {
			isa = PBXGroup;
			children = (
				3A0F3B6C1A2CB14E00ED5658 /* SwiftyJSON.swift */,
				3A29C03C1A2DFB2B00FE378D /* UIImageExtensions.swift */,
			);
			name = Utilities;
			sourceTree = "<group>";
		};
		3A29C0211A2D6F0800FE378D /* authors */ = {
			isa = PBXGroup;
			children = (
				3A29C0221A2D6F0800FE378D /* 1.jpg */,
				3A29C0231A2D6F0800FE378D /* 2.jpg */,
				3A29C0241A2D6F0800FE378D /* 3.jpg */,
				3A29C0251A2D6F0800FE378D /* 4.jpg */,
				3A29C0261A2D6F0800FE378D /* 5.jpg */,
				3A29C0271A2D6F0800FE378D /* 6.jpg */,
				3A29C0281A2D6F0800FE378D /* 7.jpg */,
				3A29C0291A2D6F0800FE378D /* 8.jpg */,
			);
			path = authors;
			sourceTree = "<group>";
		};
		64854CF73D654063A25F95A6 /* Frameworks */ = {
			isa = PBXGroup;
			children = (
				6DB4157078CA4EADAB572248 /* libPods.a */,
			);
			name = Frameworks;
			sourceTree = "<group>";
		};
		8113EAB21A1C1DE500B29C00 /* Controllers */ = {
			isa = PBXGroup;
			children = (
				3A93C5E21A254A2F00302279 /* CommunautesTableViewController.swift */,
				3A3530A31A1EAA0800927038 /* CodeEditorViewController.swift */,
				3A01FD941A0C3B7500F61F97 /* AuthentificationViewController.swift */,
				812A309F1A18573800DB5ABD /* ProfileViewController.swift */,
				812F53AC1A1C21A20098AEF4 /* MenuTableViewController.swift */,
				3A5BDE381A1EAF780084B32B /* NouvellePublicationViewController.swift */,
				3A93C5E81A254DC900302279 /* PublicationsTableViewController.swift */,
				3A0F3B691A2CAFFB00ED5658 /* PublicationViewController.swift */,
				3AD7CBF41A2D03E500681701 /* ApplicationController.swift */,
				3A29C01F1A2D602B00FE378D /* ApplicationTableViewController.swift */,
			);
			name = Controllers;
			sourceTree = "<group>";
		};
		81B0FDFE1A1EBCD70086FF6E /* Components */ = {
			isa = PBXGroup;
			children = (
				810017B61A23FCAA00E1F40D /* CommentViewCell.swift */,
				810017B81A23FCC300E1F40D /* CommentViewCell.xib */,
				3A93C5E41A254C0000302279 /* PublicationTableViewCell.swift */,
				3A93C5E51A254C0000302279 /* PublicationTableViewCell.xib */,
				3A9148781A297149009FE884 /* MainMenuBarButtonItem.swift */,
				3A29C0381A2DF69800FE378D /* CommentView.xib */,
				3A29C03A1A2DF76B00FE378D /* CommentView.swift */,
				3A29C03E1A2E031F00FE378D /* PublicationView.xib */,
				3A29C0401A2E032E00FE378D /* PublicationView.swift */,
			);
			name = Components;
			sourceTree = "<group>";
		};
		81B4CB561A1E8A5A000E3C01 /* icons */ = {
			isa = PBXGroup;
			children = (
				81B4CB571A1E8A9E000E3C01 /* reveal-icon.png */,
				81B4CB581A1E8A9E000E3C01 /* reveal-icon@2x.png */,
			);
			name = icons;
			sourceTree = "<group>";
		};
		939CDF446683A3E9238F34DD /* Pods */ = {
			isa = PBXGroup;
			children = (
				1A051A83AE8A696A3AC6E796 /* Pods.debug.xcconfig */,
				0A8F92BC0C28B21B42102D5B /* Pods.release.xcconfig */,
			);
			name = Pods;
			sourceTree = "<group>";
		};
/* End PBXGroup section */

/* Begin PBXNativeTarget section */
		3A01FD8C1A0C3B7500F61F97 /* dsn */ = {
			isa = PBXNativeTarget;
			buildConfigurationList = 3A01FDAC1A0C3B7500F61F97 /* Build configuration list for PBXNativeTarget "dsn" */;
			buildPhases = (
				B92744761E0C4842B6690EE8 /* Check Pods Manifest.lock */,
				3A01FD891A0C3B7500F61F97 /* Sources */,
				3A01FD8A1A0C3B7500F61F97 /* Frameworks */,
				3A01FD8B1A0C3B7500F61F97 /* Resources */,
				6998A1439C9C43CABF739D3D /* Copy Pods Resources */,
			);
			buildRules = (
			);
			dependencies = (
			);
			name = dsn;
			productName = dsn;
			productReference = 3A01FD8D1A0C3B7500F61F97 /* dsn.app */;
			productType = "com.apple.product-type.application";
		};
		3A01FDA11A0C3B7500F61F97 /* dsnTests */ = {
			isa = PBXNativeTarget;
			buildConfigurationList = 3A01FDAF1A0C3B7500F61F97 /* Build configuration list for PBXNativeTarget "dsnTests" */;
			buildPhases = (
				3A01FD9E1A0C3B7500F61F97 /* Sources */,
				3A01FD9F1A0C3B7500F61F97 /* Frameworks */,
				3A01FDA01A0C3B7500F61F97 /* Resources */,
			);
			buildRules = (
			);
			dependencies = (
				3A01FDA41A0C3B7500F61F97 /* PBXTargetDependency */,
			);
			name = dsnTests;
			productName = dsnTests;
			productReference = 3A01FDA21A0C3B7500F61F97 /* dsnTests.xctest */;
			productType = "com.apple.product-type.bundle.unit-test";
		};
/* End PBXNativeTarget section */

/* Begin PBXProject section */
		3A01FD851A0C3B7500F61F97 /* Project object */ = {
			isa = PBXProject;
			attributes = {
				LastUpgradeCheck = 0610;
				ORGANIZATIONNAME = etsmtl;
				TargetAttributes = {
					3A01FD8C1A0C3B7500F61F97 = {
						CreatedOnToolsVersion = 6.1;
					};
					3A01FDA11A0C3B7500F61F97 = {
						CreatedOnToolsVersion = 6.1;
						TestTargetID = 3A01FD8C1A0C3B7500F61F97;
					};
				};
			};
			buildConfigurationList = 3A01FD881A0C3B7500F61F97 /* Build configuration list for PBXProject "dsn" */;
			compatibilityVersion = "Xcode 3.2";
			developmentRegion = English;
			hasScannedForEncodings = 0;
			knownRegions = (
				en,
				Base,
			);
			mainGroup = 3A01FD841A0C3B7500F61F97;
			productRefGroup = 3A01FD8E1A0C3B7500F61F97 /* Products */;
			projectDirPath = "";
			projectRoot = "";
			targets = (
				3A01FD8C1A0C3B7500F61F97 /* dsn */,
				3A01FDA11A0C3B7500F61F97 /* dsnTests */,
			);
		};
/* End PBXProject section */

/* Begin PBXResourcesBuildPhase section */
		3A01FD8B1A0C3B7500F61F97 /* Resources */ = {
			isa = PBXResourcesBuildPhase;
			buildActionMask = 2147483647;
			files = (
				3A29C0311A2D6F0800FE378D /* 8.jpg in Resources */,
				3AD7CBF31A2CFA9D00681701 /* bright_squares.png in Resources */,
				3A29C03F1A2E031F00FE378D /* PublicationView.xib in Resources */,
				3A01FD981A0C3B7500F61F97 /* Main.storyboard in Resources */,
				3A93C5E71A254C0000302279 /* PublicationTableViewCell.xib in Resources */,
				3A29C02D1A2D6F0800FE378D /* 4.jpg in Resources */,
				81B4CB5A1A1E8A9E000E3C01 /* reveal-icon@2x.png in Resources */,
				3A29C0391A2DF69800FE378D /* CommentView.xib in Resources */,
				810017B91A23FCC300E1F40D /* CommentViewCell.xib in Resources */,
				3A29C02C1A2D6F0800FE378D /* 3.jpg in Resources */,
				3A01FD9D1A0C3B7500F61F97 /* LaunchScreen.xib in Resources */,
				3A91487B1A297D52009FE884 /* editor.html in Resources */,
				3A29C02F1A2D6F0800FE378D /* 6.jpg in Resources */,
				3A29C02E1A2D6F0800FE378D /* 5.jpg in Resources */,
				3A01FD9A1A0C3B7500F61F97 /* Images.xcassets in Resources */,
				3A29C02B1A2D6F0800FE378D /* 2.jpg in Resources */,
				3A29C02A1A2D6F0800FE378D /* 1.jpg in Resources */,
				3A29C0301A2D6F0800FE378D /* 7.jpg in Resources */,
				3AD7CBED1A2CBB0C00681701 /* publications.json in Resources */,
				81B4CB591A1E8A9E000E3C01 /* reveal-icon.png in Resources */,
			);
			runOnlyForDeploymentPostprocessing = 0;
		};
		3A01FDA01A0C3B7500F61F97 /* Resources */ = {
			isa = PBXResourcesBuildPhase;
			buildActionMask = 2147483647;
			files = (
			);
			runOnlyForDeploymentPostprocessing = 0;
		};
/* End PBXResourcesBuildPhase section */

/* Begin PBXShellScriptBuildPhase section */
		6998A1439C9C43CABF739D3D /* Copy Pods Resources */ = {
			isa = PBXShellScriptBuildPhase;
			buildActionMask = 2147483647;
			files = (
			);
			inputPaths = (
			);
			name = "Copy Pods Resources";
			outputPaths = (
			);
			runOnlyForDeploymentPostprocessing = 0;
			shellPath = /bin/sh;
			shellScript = "\"${SRCROOT}/Pods/Target Support Files/Pods/Pods-resources.sh\"\n";
			showEnvVarsInLog = 0;
		};
		B92744761E0C4842B6690EE8 /* Check Pods Manifest.lock */ = {
			isa = PBXShellScriptBuildPhase;
			buildActionMask = 2147483647;
			files = (
			);
			inputPaths = (
			);
			name = "Check Pods Manifest.lock";
			outputPaths = (
			);
			runOnlyForDeploymentPostprocessing = 0;
			shellPath = /bin/sh;
			shellScript = "diff \"${PODS_ROOT}/../Podfile.lock\" \"${PODS_ROOT}/Manifest.lock\" > /dev/null\nif [[ $? != 0 ]] ; then\n    cat << EOM\nerror: The sandbox is not in sync with the Podfile.lock. Run 'pod install' or update your CocoaPods installation.\nEOM\n    exit 1\nfi\n";
			showEnvVarsInLog = 0;
		};
/* End PBXShellScriptBuildPhase section */

/* Begin PBXSourcesBuildPhase section */
		3A01FD891A0C3B7500F61F97 /* Sources */ = {
			isa = PBXSourcesBuildPhase;
			buildActionMask = 2147483647;
			files = (
				812F53AD1A1C21A20098AEF4 /* MenuTableViewController.swift in Sources */,
				812A30A01A18573800DB5ABD /* ProfileViewController.swift in Sources */,
				3A93C5E91A254DC900302279 /* PublicationsTableViewController.swift in Sources */,
				3A93C5E61A254C0000302279 /* PublicationTableViewCell.swift in Sources */,
				3A01FD951A0C3B7500F61F97 /* AuthentificationViewController.swift in Sources */,
				3A29C03D1A2DFB2B00FE378D /* UIImageExtensions.swift in Sources */,
				3A3530A41A1EAA0800927038 /* CodeEditorViewController.swift in Sources */,
				3A9148791A297149009FE884 /* MainMenuBarButtonItem.swift in Sources */,
				3A29C0201A2D602B00FE378D /* ApplicationTableViewController.swift in Sources */,
				3A01FD931A0C3B7500F61F97 /* AppDelegate.swift in Sources */,
				3AD7CBF51A2D03E500681701 /* ApplicationController.swift in Sources */,
				3A29C0411A2E032E00FE378D /* PublicationView.swift in Sources */,
				3A29C03B1A2DF76B00FE378D /* CommentView.swift in Sources */,
				810017B71A23FCAA00E1F40D /* CommentViewCell.swift in Sources */,
				3A5BDE391A1EAF780084B32B /* NouvellePublicationViewController.swift in Sources */,
				3A93C5E31A254A2F00302279 /* CommunautesTableViewController.swift in Sources */,
				3A0F3B6D1A2CB14E00ED5658 /* SwiftyJSON.swift in Sources */,
				3A0F3B6A1A2CAFFB00ED5658 /* PublicationViewController.swift in Sources */,
			);
			runOnlyForDeploymentPostprocessing = 0;
		};
		3A01FD9E1A0C3B7500F61F97 /* Sources */ = {
			isa = PBXSourcesBuildPhase;
			buildActionMask = 2147483647;
			files = (
				3A01FDA91A0C3B7500F61F97 /* dsnTests.swift in Sources */,
			);
			runOnlyForDeploymentPostprocessing = 0;
		};
/* End PBXSourcesBuildPhase section */

/* Begin PBXTargetDependency section */
		3A01FDA41A0C3B7500F61F97 /* PBXTargetDependency */ = {
			isa = PBXTargetDependency;
			target = 3A01FD8C1A0C3B7500F61F97 /* dsn */;
			targetProxy = 3A01FDA31A0C3B7500F61F97 /* PBXContainerItemProxy */;
		};
/* End PBXTargetDependency section */

/* Begin PBXVariantGroup section */
		3A01FD961A0C3B7500F61F97 /* Main.storyboard */ = {
			isa = PBXVariantGroup;
			children = (
				3A01FD971A0C3B7500F61F97 /* Base */,
			);
			name = Main.storyboard;
			sourceTree = "<group>";
		};
		3A01FD9B1A0C3B7500F61F97 /* LaunchScreen.xib */ = {
			isa = PBXVariantGroup;
			children = (
				3A01FD9C1A0C3B7500F61F97 /* Base */,
			);
			name = LaunchScreen.xib;
			sourceTree = "<group>";
		};
/* End PBXVariantGroup section */

/* Begin XCBuildConfiguration section */
		3A01FDAA1A0C3B7500F61F97 /* Debug */ = {
			isa = XCBuildConfiguration;
			buildSettings = {
				ALWAYS_SEARCH_USER_PATHS = NO;
				CLANG_CXX_LANGUAGE_STANDARD = "gnu++0x";
				CLANG_CXX_LIBRARY = "libc++";
				CLANG_ENABLE_MODULES = YES;
				CLANG_ENABLE_OBJC_ARC = YES;
				CLANG_WARN_BOOL_CONVERSION = YES;
				CLANG_WARN_CONSTANT_CONVERSION = YES;
				CLANG_WARN_DIRECT_OBJC_ISA_USAGE = YES_ERROR;
				CLANG_WARN_EMPTY_BODY = YES;
				CLANG_WARN_ENUM_CONVERSION = YES;
				CLANG_WARN_INT_CONVERSION = YES;
				CLANG_WARN_OBJC_ROOT_CLASS = YES_ERROR;
				CLANG_WARN_UNREACHABLE_CODE = YES;
				CLANG_WARN__DUPLICATE_METHOD_MATCH = YES;
				"CODE_SIGN_IDENTITY[sdk=iphoneos*]" = "iPhone Developer";
				COPY_PHASE_STRIP = NO;
				ENABLE_STRICT_OBJC_MSGSEND = YES;
				GCC_C_LANGUAGE_STANDARD = gnu99;
				GCC_DYNAMIC_NO_PIC = NO;
				GCC_OPTIMIZATION_LEVEL = 0;
				GCC_PREPROCESSOR_DEFINITIONS = (
					"DEBUG=1",
					"$(inherited)",
				);
				GCC_SYMBOLS_PRIVATE_EXTERN = NO;
				GCC_WARN_64_TO_32_BIT_CONVERSION = YES;
				GCC_WARN_ABOUT_RETURN_TYPE = YES_ERROR;
				GCC_WARN_UNDECLARED_SELECTOR = YES;
				GCC_WARN_UNINITIALIZED_AUTOS = YES_AGGRESSIVE;
				GCC_WARN_UNUSED_FUNCTION = YES;
				GCC_WARN_UNUSED_VARIABLE = YES;
				IPHONEOS_DEPLOYMENT_TARGET = 8.1;
				MTL_ENABLE_DEBUG_INFO = YES;
				ONLY_ACTIVE_ARCH = YES;
				SDKROOT = iphoneos;
				SWIFT_OPTIMIZATION_LEVEL = "-Onone";
				TARGETED_DEVICE_FAMILY = 2;
			};
			name = Debug;
		};
		3A01FDAB1A0C3B7500F61F97 /* Release */ = {
			isa = XCBuildConfiguration;
			buildSettings = {
				ALWAYS_SEARCH_USER_PATHS = NO;
				CLANG_CXX_LANGUAGE_STANDARD = "gnu++0x";
				CLANG_CXX_LIBRARY = "libc++";
				CLANG_ENABLE_MODULES = YES;
				CLANG_ENABLE_OBJC_ARC = YES;
				CLANG_WARN_BOOL_CONVERSION = YES;
				CLANG_WARN_CONSTANT_CONVERSION = YES;
				CLANG_WARN_DIRECT_OBJC_ISA_USAGE = YES_ERROR;
				CLANG_WARN_EMPTY_BODY = YES;
				CLANG_WARN_ENUM_CONVERSION = YES;
				CLANG_WARN_INT_CONVERSION = YES;
				CLANG_WARN_OBJC_ROOT_CLASS = YES_ERROR;
				CLANG_WARN_UNREACHABLE_CODE = YES;
				CLANG_WARN__DUPLICATE_METHOD_MATCH = YES;
				"CODE_SIGN_IDENTITY[sdk=iphoneos*]" = "iPhone Developer";
				COPY_PHASE_STRIP = YES;
				ENABLE_NS_ASSERTIONS = NO;
				ENABLE_STRICT_OBJC_MSGSEND = YES;
				GCC_C_LANGUAGE_STANDARD = gnu99;
				GCC_WARN_64_TO_32_BIT_CONVERSION = YES;
				GCC_WARN_ABOUT_RETURN_TYPE = YES_ERROR;
				GCC_WARN_UNDECLARED_SELECTOR = YES;
				GCC_WARN_UNINITIALIZED_AUTOS = YES_AGGRESSIVE;
				GCC_WARN_UNUSED_FUNCTION = YES;
				GCC_WARN_UNUSED_VARIABLE = YES;
				IPHONEOS_DEPLOYMENT_TARGET = 8.1;
				MTL_ENABLE_DEBUG_INFO = NO;
				SDKROOT = iphoneos;
				TARGETED_DEVICE_FAMILY = 2;
				VALIDATE_PRODUCT = YES;
			};
			name = Release;
		};
		3A01FDAD1A0C3B7500F61F97 /* Debug */ = {
			isa = XCBuildConfiguration;
			baseConfigurationReference = 1A051A83AE8A696A3AC6E796 /* Pods.debug.xcconfig */;
			buildSettings = {
				ASSETCATALOG_COMPILER_APPICON_NAME = AppIcon;
				INFOPLIST_FILE = dsn/Info.plist;
				LD_RUNPATH_SEARCH_PATHS = "$(inherited) @executable_path/Frameworks";
				PRODUCT_NAME = "$(TARGET_NAME)";
				SWIFT_OBJC_BRIDGING_HEADER = "dsn/dsn-Bridging-Header.h";
			};
			name = Debug;
		};
		3A01FDAE1A0C3B7500F61F97 /* Release */ = {
			isa = XCBuildConfiguration;
			baseConfigurationReference = 0A8F92BC0C28B21B42102D5B /* Pods.release.xcconfig */;
			buildSettings = {
				ASSETCATALOG_COMPILER_APPICON_NAME = AppIcon;
				INFOPLIST_FILE = dsn/Info.plist;
				LD_RUNPATH_SEARCH_PATHS = "$(inherited) @executable_path/Frameworks";
				PRODUCT_NAME = "$(TARGET_NAME)";
				SWIFT_OBJC_BRIDGING_HEADER = "dsn/dsn-Bridging-Header.h";
			};
			name = Release;
		};
		3A01FDB01A0C3B7500F61F97 /* Debug */ = {
			isa = XCBuildConfiguration;
			buildSettings = {
				BUNDLE_LOADER = "$(TEST_HOST)";
				FRAMEWORK_SEARCH_PATHS = (
					"$(SDKROOT)/Developer/Library/Frameworks",
					"$(inherited)",
				);
				GCC_PREPROCESSOR_DEFINITIONS = (
					"DEBUG=1",
					"$(inherited)",
				);
				INFOPLIST_FILE = dsnTests/Info.plist;
				LD_RUNPATH_SEARCH_PATHS = "$(inherited) @executable_path/Frameworks @loader_path/Frameworks";
				PRODUCT_NAME = "$(TARGET_NAME)";
				TEST_HOST = "$(BUILT_PRODUCTS_DIR)/dsn.app/dsn";
			};
			name = Debug;
		};
		3A01FDB11A0C3B7500F61F97 /* Release */ = {
			isa = XCBuildConfiguration;
			buildSettings = {
				BUNDLE_LOADER = "$(TEST_HOST)";
				FRAMEWORK_SEARCH_PATHS = (
					"$(SDKROOT)/Developer/Library/Frameworks",
					"$(inherited)",
				);
				INFOPLIST_FILE = dsnTests/Info.plist;
				LD_RUNPATH_SEARCH_PATHS = "$(inherited) @executable_path/Frameworks @loader_path/Frameworks";
				PRODUCT_NAME = "$(TARGET_NAME)";
				TEST_HOST = "$(BUILT_PRODUCTS_DIR)/dsn.app/dsn";
			};
			name = Release;
		};
/* End XCBuildConfiguration section */

/* Begin XCConfigurationList section */
		3A01FD881A0C3B7500F61F97 /* Build configuration list for PBXProject "dsn" */ = {
			isa = XCConfigurationList;
			buildConfigurations = (
				3A01FDAA1A0C3B7500F61F97 /* Debug */,
				3A01FDAB1A0C3B7500F61F97 /* Release */,
			);
			defaultConfigurationIsVisible = 0;
			defaultConfigurationName = Release;
		};
		3A01FDAC1A0C3B7500F61F97 /* Build configuration list for PBXNativeTarget "dsn" */ = {
			isa = XCConfigurationList;
			buildConfigurations = (
				3A01FDAD1A0C3B7500F61F97 /* Debug */,
				3A01FDAE1A0C3B7500F61F97 /* Release */,
			);
			defaultConfigurationIsVisible = 0;
			defaultConfigurationName = Release;
		};
		3A01FDAF1A0C3B7500F61F97 /* Build configuration list for PBXNativeTarget "dsnTests" */ = {
			isa = XCConfigurationList;
			buildConfigurations = (
				3A01FDB01A0C3B7500F61F97 /* Debug */,
				3A01FDB11A0C3B7500F61F97 /* Release */,
			);
			defaultConfigurationIsVisible = 0;
			defaultConfigurationName = Release;
		};
/* End XCConfigurationList section */
	};
	rootObject = 3A01FD851A0C3B7500F61F97 /* Project object */;
}
